
Microsoft Visual Studio Solution File, Format Version 12.00
# Visual Studio 14
VisualStudioVersion = 14.0.25123.0
MinimumVisualStudioVersion = 10.0.40219.1
Project("{FAE04EC0-301F-11D3-BF4B-00C04F79EFBC}") = "InfoManagementInterface", "InfoManagementInterface\InfoManagementInterface.csproj", "{30CA47E2-FA0A-4A7B-8F56-44E6F7B6AAA9}"
EndProject
Project("{FAE04EC0-301F-11D3-BF4B-00C04F79EFBC}") = "InfoManagementBL", "InfoManagementBL\InfoManagementBL.csproj", "{9CAC2E96-5194-4840-9DA3-2D88D3D273CE}"
EndProject
Global
	GlobalSection(SolutionConfigurationPlatforms) = preSolution
		Debug|Any CPU = Debug|Any CPU
		Release|Any CPU = Release|Any CPU
	EndGlobalSection
	GlobalSection(ProjectConfigurationPlatforms) = postSolution
		{30CA47E2-FA0A-4A7B-8F56-44E6F7B6AAA9}.Debug|Any CPU.ActiveCfg = Debug|Any CPU
		{30CA47E2-FA0A-4A7B-8F56-44E6F7B6AAA9}.Debug|Any CPU.Build.0 = Debug|Any CPU
		{30CA47E2-FA0A-4A7B-8F56-44E6F7B6AAA9}.Release|Any CPU.ActiveCfg = Release|Any CPU
		{30CA47E2-FA0A-4A7B-8F56-44E6F7B6AAA9}.Release|Any CPU.Build.0 = Release|Any CPU
		{9CAC2E96-5194-4840-9DA3-2D88D3D273CE}.Debug|Any CPU.ActiveCfg = Debug|Any CPU
		{9CAC2E96-5194-4840-9DA3-2D88D3D273CE}.Debug|Any CPU.Build.0 = Debug|Any CPU
		{9CAC2E96-5194-4840-9DA3-2D88D3D273CE}.Release|Any CPU.ActiveCfg = Release|Any CPU
		{9CAC2E96-5194-4840-9DA3-2D88D3D273CE}.Release|Any CPU.Build.0 = Release|Any CPU
	EndGlobalSection
	GlobalSection(SolutionProperties) = preSolution
		HideSolutionNode = FALSE
	EndGlobalSection
EndGlobal
